
Microsoft Visual Studio Solution File, Format Version 12.00
# Visual Studio Version 16
VisualStudioVersion = 16.0.29728.190
MinimumVisualStudioVersion = 10.0.40219.1
Project("{FAE04EC0-301F-11D3-BF4B-00C04F79EFBC}") = "Calculator.Test.Unit", "Calculator.Test.Unit\Calculator.Test.Unit.csproj", "{C1AF3B35-2B0A-4076-BFC7-96055A7E4008}"
EndProject
Project("{FAE04EC0-301F-11D3-BF4B-00C04F79EFBC}") = "Calculator", "Calculator\Calculator.csproj", "{23271170-CBAE-4769-B844-D12D84A4924C}"
EndProject
Global
	GlobalSection(SolutionConfigurationPlatforms) = preSolution
		Debug|Any CPU = Debug|Any CPU
		Release|Any CPU = Release|Any CPU
	EndGlobalSection
	GlobalSection(ProjectConfigurationPlatforms) = postSolution
		{C1AF3B35-2B0A-4076-BFC7-96055A7E4008}.Debug|Any CPU.ActiveCfg = Debug|Any CPU
		{C1AF3B35-2B0A-4076-BFC7-96055A7E4008}.Debug|Any CPU.Build.0 = Debug|Any CPU
		{C1AF3B35-2B0A-4076-BFC7-96055A7E4008}.Release|Any CPU.ActiveCfg = Release|Any CPU
		{C1AF3B35-2B0A-4076-BFC7-96055A7E4008}.Release|Any CPU.Build.0 = Release|Any CPU
		{23271170-CBAE-4769-B844-D12D84A4924C}.Debug|Any CPU.ActiveCfg = Debug|Any CPU
		{23271170-CBAE-4769-B844-D12D84A4924C}.Debug|Any CPU.Build.0 = Debug|Any CPU
		{23271170-CBAE-4769-B844-D12D84A4924C}.Release|Any CPU.ActiveCfg = Release|Any CPU
		{23271170-CBAE-4769-B844-D12D84A4924C}.Release|Any CPU.Build.0 = Release|Any CPU
	EndGlobalSection
	GlobalSection(SolutionProperties) = preSolution
		HideSolutionNode = FALSE
	EndGlobalSection
	GlobalSection(ExtensibilityGlobals) = postSolution
		SolutionGuid = {EE2B60DC-0170-495D-9219-CE2A99B43848}
	EndGlobalSection
EndGlobal
